
Microsoft Visual Studio Solution File, Format Version 12.00
# Visual Studio Version 16
VisualStudioVersion = 16.0.32126.315
MinimumVisualStudioVersion = 10.0.40219.1
Project("{FAE04EC0-301F-11D3-BF4B-00C04F79EFBC}") = "ReportService", "ReportService\ReportService.csproj", "{18C84F90-CDBE-40C5-8793-BAFD74A8D73F}"
EndProject
Project("{FAE04EC0-301F-11D3-BF4B-00C04F79EFBC}") = "EmailSender", "EmailSender\EmailSender.csproj", "{9FDAC6B9-73C4-48EE-8852-28CB3B317FCD}"
EndProject
Project("{FAE04EC0-301F-11D3-BF4B-00C04F79EFBC}") = "ReportService.Core", "ReportService.Core\ReportService.Core.csproj", "{37618FA6-DBD7-4CA6-9608-7BFD17373751}"
EndProject
Project("{FAE04EC0-301F-11D3-BF4B-00C04F79EFBC}") = "ReportService.ConsoleApp", "ReportService.ConsoleApp\ReportService.ConsoleApp.csproj", "{73FF67B0-2780-44F5-BD20-2DED171B0D04}"
EndProject
Project("{FAE04EC0-301F-11D3-BF4B-00C04F79EFBC}") = "Cipher", "Cipher\Cipher.csproj", "{599D059E-5868-4DDB-AE0E-BB95581C11BF}"
EndProject
Global
	GlobalSection(SolutionConfigurationPlatforms) = preSolution
		Debug|Any CPU = Debug|Any CPU
		Release|Any CPU = Release|Any CPU
	EndGlobalSection
	GlobalSection(ProjectConfigurationPlatforms) = postSolution
		{18C84F90-CDBE-40C5-8793-BAFD74A8D73F}.Debug|Any CPU.ActiveCfg = Debug|Any CPU
		{18C84F90-CDBE-40C5-8793-BAFD74A8D73F}.Debug|Any CPU.Build.0 = Debug|Any CPU
		{18C84F90-CDBE-40C5-8793-BAFD74A8D73F}.Release|Any CPU.ActiveCfg = Release|Any CPU
		{18C84F90-CDBE-40C5-8793-BAFD74A8D73F}.Release|Any CPU.Build.0 = Release|Any CPU
		{9FDAC6B9-73C4-48EE-8852-28CB3B317FCD}.Debug|Any CPU.ActiveCfg = Debug|Any CPU
		{9FDAC6B9-73C4-48EE-8852-28CB3B317FCD}.Debug|Any CPU.Build.0 = Debug|Any CPU
		{9FDAC6B9-73C4-48EE-8852-28CB3B317FCD}.Release|Any CPU.ActiveCfg = Release|Any CPU
		{9FDAC6B9-73C4-48EE-8852-28CB3B317FCD}.Release|Any CPU.Build.0 = Release|Any CPU
		{37618FA6-DBD7-4CA6-9608-7BFD17373751}.Debug|Any CPU.ActiveCfg = Debug|Any CPU
		{37618FA6-DBD7-4CA6-9608-7BFD17373751}.Debug|Any CPU.Build.0 = Debug|Any CPU
		{37618FA6-DBD7-4CA6-9608-7BFD17373751}.Release|Any CPU.ActiveCfg = Release|Any CPU
		{37618FA6-DBD7-4CA6-9608-7BFD17373751}.Release|Any CPU.Build.0 = Release|Any CPU
		{73FF67B0-2780-44F5-BD20-2DED171B0D04}.Debug|Any CPU.ActiveCfg = Debug|Any CPU
		{73FF67B0-2780-44F5-BD20-2DED171B0D04}.Debug|Any CPU.Build.0 = Debug|Any CPU
		{73FF67B0-2780-44F5-BD20-2DED171B0D04}.Release|Any CPU.ActiveCfg = Release|Any CPU
		{73FF67B0-2780-44F5-BD20-2DED171B0D04}.Release|Any CPU.Build.0 = Release|Any CPU
		{599D059E-5868-4DDB-AE0E-BB95581C11BF}.Debug|Any CPU.ActiveCfg = Debug|Any CPU
		{599D059E-5868-4DDB-AE0E-BB95581C11BF}.Debug|Any CPU.Build.0 = Debug|Any CPU
		{599D059E-5868-4DDB-AE0E-BB95581C11BF}.Release|Any CPU.ActiveCfg = Release|Any CPU
		{599D059E-5868-4DDB-AE0E-BB95581C11BF}.Release|Any CPU.Build.0 = Release|Any CPU
	EndGlobalSection
	GlobalSection(SolutionProperties) = preSolution
		HideSolutionNode = FALSE
	EndGlobalSection
	GlobalSection(ExtensibilityGlobals) = postSolution
		SolutionGuid = {C2093D16-EE13-496D-B813-51CE6B599CAE}
	EndGlobalSection
EndGlobal
